
Microsoft Visual Studio Solution File, Format Version 12.00
# Visual Studio Version 17
VisualStudioVersion = 17.13.35806.99 d17.13
MinimumVisualStudioVersion = 10.0.40219.1
Project("{FAE04EC0-301F-11D3-BF4B-00C04F79EFBC}") = "CapaNegocio", "CapaNegocio\CapaNegocio.csproj", "{6B1493DE-6B4B-4B04-BD05-AB61A2C4C67F}"
EndProject
Project("{FAE04EC0-301F-11D3-BF4B-00C04F79EFBC}") = "CapaDatos", "CapaDatos\CapaDatos.csproj", "{D8EDCF06-DD4E-4F95-8200-70868DC8B70D}"
EndProject
Project("{FAE04EC0-301F-11D3-BF4B-00C04F79EFBC}") = "CapaPresentacion", "CapaPresentacion\CapaPresentacion.csproj", "{A54771B8-1FA9-470C-BE22-CBD6594498E3}"
EndProject
Project("{FAE04EC0-301F-11D3-BF4B-00C04F79EFBC}") = "CapaNegocioTest", "CapaNegocioTest\CapaNegocioTest.csproj", "{9529E712-6A96-459C-8BE7-EF58396A6A59}"
EndProject
Project("{FAE04EC0-301F-11D3-BF4B-00C04F79EFBC}") = "CapaAccesoDatosMemoria", "CapaAccesoDatosMemoria\CapaAccesoDatosMemoria.csproj", "{DD1D692E-4E6A-4D81-9B01-7F00A7F97A2B}"
EndProject
Global
	GlobalSection(SolutionConfigurationPlatforms) = preSolution
		Debug|Any CPU = Debug|Any CPU
		Release|Any CPU = Release|Any CPU
	EndGlobalSection
	GlobalSection(ProjectConfigurationPlatforms) = postSolution
		{6B1493DE-6B4B-4B04-BD05-AB61A2C4C67F}.Debug|Any CPU.ActiveCfg = Debug|Any CPU
		{6B1493DE-6B4B-4B04-BD05-AB61A2C4C67F}.Debug|Any CPU.Build.0 = Debug|Any CPU
		{6B1493DE-6B4B-4B04-BD05-AB61A2C4C67F}.Release|Any CPU.ActiveCfg = Release|Any CPU
		{6B1493DE-6B4B-4B04-BD05-AB61A2C4C67F}.Release|Any CPU.Build.0 = Release|Any CPU
		{D8EDCF06-DD4E-4F95-8200-70868DC8B70D}.Debug|Any CPU.ActiveCfg = Debug|Any CPU
		{D8EDCF06-DD4E-4F95-8200-70868DC8B70D}.Debug|Any CPU.Build.0 = Debug|Any CPU
		{D8EDCF06-DD4E-4F95-8200-70868DC8B70D}.Release|Any CPU.ActiveCfg = Release|Any CPU
		{D8EDCF06-DD4E-4F95-8200-70868DC8B70D}.Release|Any CPU.Build.0 = Release|Any CPU
		{A54771B8-1FA9-470C-BE22-CBD6594498E3}.Debug|Any CPU.ActiveCfg = Debug|Any CPU
		{A54771B8-1FA9-470C-BE22-CBD6594498E3}.Debug|Any CPU.Build.0 = Debug|Any CPU
		{A54771B8-1FA9-470C-BE22-CBD6594498E3}.Release|Any CPU.ActiveCfg = Release|Any CPU
		{A54771B8-1FA9-470C-BE22-CBD6594498E3}.Release|Any CPU.Build.0 = Release|Any CPU
		{9529E712-6A96-459C-8BE7-EF58396A6A59}.Debug|Any CPU.ActiveCfg = Debug|Any CPU
		{9529E712-6A96-459C-8BE7-EF58396A6A59}.Debug|Any CPU.Build.0 = Debug|Any CPU
		{9529E712-6A96-459C-8BE7-EF58396A6A59}.Release|Any CPU.ActiveCfg = Release|Any CPU
		{9529E712-6A96-459C-8BE7-EF58396A6A59}.Release|Any CPU.Build.0 = Release|Any CPU
		{DD1D692E-4E6A-4D81-9B01-7F00A7F97A2B}.Debug|Any CPU.ActiveCfg = Debug|Any CPU
		{DD1D692E-4E6A-4D81-9B01-7F00A7F97A2B}.Debug|Any CPU.Build.0 = Debug|Any CPU
		{DD1D692E-4E6A-4D81-9B01-7F00A7F97A2B}.Release|Any CPU.ActiveCfg = Release|Any CPU
		{DD1D692E-4E6A-4D81-9B01-7F00A7F97A2B}.Release|Any CPU.Build.0 = Release|Any CPU
	EndGlobalSection
	GlobalSection(SolutionProperties) = preSolution
		HideSolutionNode = FALSE
	EndGlobalSection
	GlobalSection(ExtensibilityGlobals) = postSolution
		SolutionGuid = {E790C6FE-CF5C-453D-9C0E-8D7F72C974A2}
	EndGlobalSection
EndGlobal
